// !$*UTF8*$!
{
	archiveVersion = 1;
	classes = {
	};
	objectVersion = 50;
	objects = {

/* Begin PBXBuildFile section */
		C10224B82331A14A006CCB6D /* AppDelegate.swift in Sources */ = {isa = PBXBuildFile; fileRef = C10224B72331A14A006CCB6D /* AppDelegate.swift */; };
		C10224BF2331A14E006CCB6D /* Assets.xcassets in Resources */ = {isa = PBXBuildFile; fileRef = C10224BE2331A14E006CCB6D /* Assets.xcassets */; };
		C10224C22331A14E006CCB6D /* LaunchScreen.storyboard in Resources */ = {isa = PBXBuildFile; fileRef = C10224C02331A14E006CCB6D /* LaunchScreen.storyboard */; };
		C10224CD2331A14E006CCB6D /* tumblrAppTests.swift in Sources */ = {isa = PBXBuildFile; fileRef = C10224CC2331A14E006CCB6D /* tumblrAppTests.swift */; };
		C10224D82331A14E006CCB6D /* tumblrAppUITests.swift in Sources */ = {isa = PBXBuildFile; fileRef = C10224D72331A14E006CCB6D /* tumblrAppUITests.swift */; };
		C10224EA2331A468006CCB6D /* PhotosViewController.swift in Sources */ = {isa = PBXBuildFile; fileRef = C10224E92331A468006CCB6D /* PhotosViewController.swift */; };
		C10224EC2332C82E006CCB6D /* PhotoCell.swift in Sources */ = {isa = PBXBuildFile; fileRef = C10224EB2332C82E006CCB6D /* PhotoCell.swift */; };
/* End PBXBuildFile section */

/* Begin PBXContainerItemProxy section */
		C10224C92331A14E006CCB6D /* PBXContainerItemProxy */ = {
			isa = PBXContainerItemProxy;
			containerPortal = C10224AC2331A14A006CCB6D /* Project object */;
			proxyType = 1;
			remoteGlobalIDString = C10224B32331A14A006CCB6D;
			remoteInfo = tumblrApp;
		};
		C10224D42331A14E006CCB6D /* PBXContainerItemProxy */ = {
			isa = PBXContainerItemProxy;
			containerPortal = C10224AC2331A14A006CCB6D /* Project object */;
			proxyType = 1;
			remoteGlobalIDString = C10224B32331A14A006CCB6D;
			remoteInfo = tumblrApp;
		};
/* End PBXContainerItemProxy section */

/* Begin PBXFileReference section */
		C10224B42331A14A006CCB6D /* tumblrApp.app */ = {isa = PBXFileReference; explicitFileType = wrapper.application; includeInIndex = 0; path = tumblrApp.app; sourceTree = BUILT_PRODUCTS_DIR; };
		C10224B72331A14A006CCB6D /* AppDelegate.swift */ = {isa = PBXFileReference; lastKnownFileType = sourcecode.swift; path = AppDelegate.swift; sourceTree = "<group>"; };
		C10224BE2331A14E006CCB6D /* Assets.xcassets */ = {isa = PBXFileReference; lastKnownFileType = folder.assetcatalog; path = Assets.xcassets; sourceTree = "<group>"; };
		C10224C12331A14E006CCB6D /* Base */ = {isa = PBXFileReference; lastKnownFileType = file.storyboard; name = Base; path = Base.lproj/LaunchScreen.storyboard; sourceTree = "<group>"; };
		C10224C32331A14E006CCB6D /* Info.plist */ = {isa = PBXFileReference; lastKnownFileType = text.plist.xml; path = Info.plist; sourceTree = "<group>"; };
		C10224C82331A14E006CCB6D /* tumblrAppTests.xctest */ = {isa = PBXFileReference; explicitFileType = wrapper.cfbundle; includeInIndex = 0; path = tumblrAppTests.xctest; sourceTree = BUILT_PRODUCTS_DIR; };
		C10224CC2331A14E006CCB6D /* tumblrAppTests.swift */ = {isa = PBXFileReference; lastKnownFileType = sourcecode.swift; path = tumblrAppTests.swift; sourceTree = "<group>"; };
		C10224CE2331A14E006CCB6D /* Info.plist */ = {isa = PBXFileReference; lastKnownFileType = text.plist.xml; path = Info.plist; sourceTree = "<group>"; };
		C10224D32331A14E006CCB6D /* tumblrAppUITests.xctest */ = {isa = PBXFileReference; explicitFileType = wrapper.cfbundle; includeInIndex = 0; path = tumblrAppUITests.xctest; sourceTree = BUILT_PRODUCTS_DIR; };
		C10224D72331A14E006CCB6D /* tumblrAppUITests.swift */ = {isa = PBXFileReference; lastKnownFileType = sourcecode.swift; path = tumblrAppUITests.swift; sourceTree = "<group>"; };
		C10224D92331A14E006CCB6D /* Info.plist */ = {isa = PBXFileReference; lastKnownFileType = text.plist.xml; path = Info.plist; sourceTree = "<group>"; };
		C10224E92331A468006CCB6D /* PhotosViewController.swift */ = {isa = PBXFileReference; lastKnownFileType = sourcecode.swift; path = PhotosViewController.swift; sourceTree = "<group>"; };
		C10224EB2332C82E006CCB6D /* PhotoCell.swift */ = {isa = PBXFileReference; lastKnownFileType = sourcecode.swift; path = PhotoCell.swift; sourceTree = "<group>"; };
/* End PBXFileReference section */

/* Begin PBXFrameworksBuildPhase section */
		C10224B12331A14A006CCB6D /* Frameworks */ = {
			isa = PBXFrameworksBuildPhase;
			buildActionMask = 2147483647;
			files = (
			);
			runOnlyForDeploymentPostprocessing = 0;
		};
		C10224C52331A14E006CCB6D /* Frameworks */ = {
			isa = PBXFrameworksBuildPhase;
			buildActionMask = 2147483647;
			files = (
			);
			runOnlyForDeploymentPostprocessing = 0;
		};
		C10224D02331A14E006CCB6D /* Frameworks */ = {
			isa = PBXFrameworksBuildPhase;
			buildActionMask = 2147483647;
			files = (
			);
			runOnlyForDeploymentPostprocessing = 0;
		};
/* End PBXFrameworksBuildPhase section */

/* Begin PBXGroup section */
		C10224AB2331A149006CCB6D = {
			isa = PBXGroup;
			children = (
				C10224B62331A14A006CCB6D /* tumblrApp */,
				C10224CB2331A14E006CCB6D /* tumblrAppTests */,
				C10224D62331A14E006CCB6D /* tumblrAppUITests */,
				C10224B52331A14A006CCB6D /* Products */,
			);
			sourceTree = "<group>";
		};
		C10224B52331A14A006CCB6D /* Products */ = {
			isa = PBXGroup;
			children = (
				C10224B42331A14A006CCB6D /* tumblrApp.app */,
				C10224C82331A14E006CCB6D /* tumblrAppTests.xctest */,
				C10224D32331A14E006CCB6D /* tumblrAppUITests.xctest */,
			);
			name = Products;
			sourceTree = "<group>";
		};
		C10224B62331A14A006CCB6D /* tumblrApp */ = {
			isa = PBXGroup;
			children = (
				C10224B72331A14A006CCB6D /* AppDelegate.swift */,
				C10224E92331A468006CCB6D /* PhotosViewController.swift */,
				C10224BE2331A14E006CCB6D /* Assets.xcassets */,
				C10224C02331A14E006CCB6D /* LaunchScreen.storyboard */,
				C10224C32331A14E006CCB6D /* Info.plist */,
				C10224EB2332C82E006CCB6D /* PhotoCell.swift */,
			);
			path = tumblrApp;
			sourceTree = "<group>";
		};
		C10224CB2331A14E006CCB6D /* tumblrAppTests */ = {
			isa = PBXGroup;
			children = (
				C10224CC2331A14E006CCB6D /* tumblrAppTests.swift */,
				C10224CE2331A14E006CCB6D /* Info.plist */,
			);
			path = tumblrAppTests;
			sourceTree = "<group>";
		};
		C10224D62331A14E006CCB6D /* tumblrAppUITests */ = {
			isa = PBXGroup;
			children = (
				C10224D72331A14E006CCB6D /* tumblrAppUITests.swift */,
				C10224D92331A14E006CCB6D /* Info.plist */,
			);
			path = tumblrAppUITests;
			sourceTree = "<group>";
		};
/* End PBXGroup section */

/* Begin PBXNativeTarget section */
		C10224B32331A14A006CCB6D /* tumblrApp */ = {
			isa = PBXNativeTarget;
			buildConfigurationList = C10224DC2331A14E006CCB6D /* Build configuration list for PBXNativeTarget "tumblrApp" */;
			buildPhases = (
				C10224B02331A14A006CCB6D /* Sources */,
				C10224B12331A14A006CCB6D /* Frameworks */,
				C10224B22331A14A006CCB6D /* Resources */,
			);
			buildRules = (
			);
			dependencies = (
			);
			name = tumblrApp;
			productName = tumblrApp;
			productReference = C10224B42331A14A006CCB6D /* tumblrApp.app */;
			productType = "com.apple.product-type.application";
		};
		C10224C72331A14E006CCB6D /* tumblrAppTests */ = {
			isa = PBXNativeTarget;
			buildConfigurationList = C10224DF2331A14E006CCB6D /* Build configuration list for PBXNativeTarget "tumblrAppTests" */;
			buildPhases = (
				C10224C42331A14E006CCB6D /* Sources */,
				C10224C52331A14E006CCB6D /* Frameworks */,
				C10224C62331A14E006CCB6D /* Resources */,
			);
			buildRules = (
			);
			dependencies = (
				C10224CA2331A14E006CCB6D /* PBXTargetDependency */,
			);
			name = tumblrAppTests;
			productName = tumblrAppTests;
			productReference = C10224C82331A14E006CCB6D /* tumblrAppTests.xctest */;
			productType = "com.apple.product-type.bundle.unit-test";
		};
		C10224D22331A14E006CCB6D /* tumblrAppUITests */ = {
			isa = PBXNativeTarget;
			buildConfigurationList = C10224E22331A14E006CCB6D /* Build configuration list for PBXNativeTarget "tumblrAppUITests" */;
			buildPhases = (
				C10224CF2331A14E006CCB6D /* Sources */,
				C10224D02331A14E006CCB6D /* Frameworks */,
				C10224D12331A14E006CCB6D /* Resources */,
			);
			buildRules = (
			);
			dependencies = (
				C10224D52331A14E006CCB6D /* PBXTargetDependency */,
			);
			name = tumblrAppUITests;
			productName = tumblrAppUITests;
			productReference = C10224D32331A14E006CCB6D /* tumblrAppUITests.xctest */;
			productType = "com.apple.product-type.bundle.ui-testing";
		};
/* End PBXNativeTarget section */

/* Begin PBXProject section */
		C10224AC2331A14A006CCB6D /* Project object */ = {
			isa = PBXProject;
			attributes = {
				LastSwiftUpdateCheck = 1020;
				LastUpgradeCheck = 1020;
				ORGANIZATIONNAME = "Iris Manriquez";
				TargetAttributes = {
					C10224B32331A14A006CCB6D = {
						CreatedOnToolsVersion = 10.2;
					};
					C10224C72331A14E006CCB6D = {
						CreatedOnToolsVersion = 10.2;
						TestTargetID = C10224B32331A14A006CCB6D;
					};
					C10224D22331A14E006CCB6D = {
						CreatedOnToolsVersion = 10.2;
						TestTargetID = C10224B32331A14A006CCB6D;
					};
				};
			};
			buildConfigurationList = C10224AF2331A14A006CCB6D /* Build configuration list for PBXProject "tumblrApp" */;
			compatibilityVersion = "Xcode 9.3";
			developmentRegion = en;
			hasScannedForEncodings = 0;
			knownRegions = (
				en,
				Base,
			);
			mainGroup = C10224AB2331A149006CCB6D;
			productRefGroup = C10224B52331A14A006CCB6D /* Products */;
			projectDirPath = "";
			projectRoot = "";
			targets = (
				C10224B32331A14A006CCB6D /* tumblrApp */,
				C10224C72331A14E006CCB6D /* tumblrAppTests */,
				C10224D22331A14E006CCB6D /* tumblrAppUITests */,
			);
		};
/* End PBXProject section */

/* Begin PBXResourcesBuildPhase section */
		C10224B22331A14A006CCB6D /* Resources */ = {
			isa = PBXResourcesBuildPhase;
			buildActionMask = 2147483647;
			files = (
				C10224C22331A14E006CCB6D /* LaunchScreen.storyboard in Resources */,
				C10224BF2331A14E006CCB6D /* Assets.xcassets in Resources */,
			);
			runOnlyForDeploymentPostprocessing = 0;
		};
		C10224C62331A14E006CCB6D /* Resources */ = {
			isa = PBXResourcesBuildPhase;
			buildActionMask = 2147483647;
			files = (
			);
			runOnlyForDeploymentPostprocessing = 0;
		};
		C10224D12331A14E006CCB6D /* Resources */ = {
			isa = PBXResourcesBuildPhase;
			buildActionMask = 2147483647;
			files = (
			);
			runOnlyForDeploymentPostprocessing = 0;
		};
/* End PBXResourcesBuildPhase section */

/* Begin PBXSourcesBuildPhase section */
		C10224B02331A14A006CCB6D /* Sources */ = {
			isa = PBXSourcesBuildPhase;
			buildActionMask = 2147483647;
			files = (
				C10224B82331A14A006CCB6D /* AppDelegate.swift in Sources */,
				C10224EC2332C82E006CCB6D /* PhotoCell.swift in Sources */,
				C10224EA2331A468006CCB6D /* PhotosViewController.swift in Sources */,
			);
			runOnlyForDeploymentPostprocessing = 0;
		};
		C10224C42331A14E006CCB6D /* Sources */ = {
			isa = PBXSourcesBuildPhase;
			buildActionMask = 2147483647;
			files = (
				C10224CD2331A14E006CCB6D /* tumblrAppTests.swift in Sources */,
			);
			runOnlyForDeploymentPostprocessing = 0;
		};
		C10224CF2331A14E006CCB6D /* Sources */ = {
			isa = PBXSourcesBuildPhase;
			buildActionMask = 2147483647;
			files = (
				C10224D82331A14E006CCB6D /* tumblrAppUITests.swift in Sources */,
			);
			runOnlyForDeploymentPostprocessing = 0;
		};
/* End PBXSourcesBuildPhase section */

/* Begin PBXTargetDependency section */
		C10224CA2331A14E006CCB6D /* PBXTargetDependency */ = {
			isa = PBXTargetDependency;
			target = C10224B32331A14A006CCB6D /* tumblrApp */;
			targetProxy = C10224C92331A14E006CCB6D /* PBXContainerItemProxy */;
		};
		C10224D52331A14E006CCB6D /* PBXTargetDependency */ = {
			isa = PBXTargetDependency;
			target = C10224B32331A14A006CCB6D /* tumblrApp */;
			targetProxy = C10224D42331A14E006CCB6D /* PBXContainerItemProxy */;
		};
/* End PBXTargetDependency section */

/* Begin PBXVariantGroup section */
		C10224C02331A14E006CCB6D /* LaunchScreen.storyboard */ = {
			isa = PBXVariantGroup;
			children = (
				C10224C12331A14E006CCB6D /* Base */,
			);
			name = LaunchScreen.storyboard;
			sourceTree = "<group>";
		};
/* End PBXVariantGroup section */

/* Begin XCBuildConfiguration section */
		C10224DA2331A14E006CCB6D /* Debug */ = {
			isa = XCBuildConfiguration;
			buildSettings = {
				ALWAYS_SEARCH_USER_PATHS = NO;
				CLANG_ANALYZER_NONNULL = YES;
				CLANG_ANALYZER_NUMBER_OBJECT_CONVERSION = YES_AGGRESSIVE;
				CLANG_CXX_LANGUAGE_STANDARD = "gnu++14";
				CLANG_CXX_LIBRARY = "libc++";
				CLANG_ENABLE_MODULES = YES;
				CLANG_ENABLE_OBJC_ARC = YES;
				CLANG_ENABLE_OBJC_WEAK = YES;
				CLANG_WARN_BLOCK_CAPTURE_AUTORELEASING = YES;
				CLANG_WARN_BOOL_CONVERSION = YES;
				CLANG_WARN_COMMA = YES;
				CLANG_WARN_CONSTANT_CONVERSION = YES;
				CLANG_WARN_DEPRECATED_OBJC_IMPLEMENTATIONS = YES;
				CLANG_WARN_DIRECT_OBJC_ISA_USAGE = YES_ERROR;
				CLANG_WARN_DOCUMENTATION_COMMENTS = YES;
				CLANG_WARN_EMPTY_BODY = YES;
				CLANG_WARN_ENUM_CONVERSION = YES;
				CLANG_WARN_INFINITE_RECURSION = YES;
				CLANG_WARN_INT_CONVERSION = YES;
				CLANG_WARN_NON_LITERAL_NULL_CONVERSION = YES;
				CLANG_WARN_OBJC_IMPLICIT_RETAIN_SELF = YES;
				CLANG_WARN_OBJC_LITERAL_CONVERSION = YES;
				CLANG_WARN_OBJC_ROOT_CLASS = YES_ERROR;
				CLANG_WARN_RANGE_LOOP_ANALYSIS = YES;
				CLANG_WARN_STRICT_PROTOTYPES = YES;
				CLANG_WARN_SUSPICIOUS_MOVE = YES;
				CLANG_WARN_UNGUARDED_AVAILABILITY = YES_AGGRESSIVE;
				CLANG_WARN_UNREACHABLE_CODE = YES;
				CLANG_WARN__DUPLICATE_METHOD_MATCH = YES;
				CODE_SIGN_IDENTITY = "iPhone Developer";
				COPY_PHASE_STRIP = NO;
				DEBUG_INFORMATION_FORMAT = dwarf;
				ENABLE_STRICT_OBJC_MSGSEND = YES;
				ENABLE_TESTABILITY = YES;
				GCC_C_LANGUAGE_STANDARD = gnu11;
				GCC_DYNAMIC_NO_PIC = NO;
				GCC_NO_COMMON_BLOCKS = YES;
				GCC_OPTIMIZATION_LEVEL = 0;
				GCC_PREPROCESSOR_DEFINITIONS = (
					"DEBUG=1",
					"$(inherited)",
				);
				GCC_WARN_64_TO_32_BIT_CONVERSION = YES;
				GCC_WARN_ABOUT_RETURN_TYPE = YES_ERROR;
				GCC_WARN_UNDECLARED_SELECTOR = YES;
				GCC_WARN_UNINITIALIZED_AUTOS = YES_AGGRESSIVE;
				GCC_WARN_UNUSED_FUNCTION = YES;
				GCC_WARN_UNUSED_VARIABLE = YES;
				IPHONEOS_DEPLOYMENT_TARGET = 12.2;
				MTL_ENABLE_DEBUG_INFO = INCLUDE_SOURCE;
				MTL_FAST_MATH = YES;
				ONLY_ACTIVE_ARCH = YES;
				SDKROOT = iphoneos;
				SWIFT_ACTIVE_COMPILATION_CONDITIONS = DEBUG;
				SWIFT_OPTIMIZATION_LEVEL = "-Onone";
			};
			name = Debug;
		};
		C10224DB2331A14E006CCB6D /* Release */ = {
			isa = XCBuildConfiguration;
			buildSettings = {
				ALWAYS_SEARCH_USER_PATHS = NO;
				CLANG_ANALYZER_NONNULL = YES;
				CLANG_ANALYZER_NUMBER_OBJECT_CONVERSION = YES_AGGRESSIVE;
				CLANG_CXX_LANGUAGE_STANDARD = "gnu++14";
				CLANG_CXX_LIBRARY = "libc++";
				CLANG_ENABLE_MODULES = YES;
				CLANG_ENABLE_OBJC_ARC = YES;
				CLANG_ENABLE_OBJC_WEAK = YES;
				CLANG_WARN_BLOCK_CAPTURE_AUTORELEASING = YES;
				CLANG_WARN_BOOL_CONVERSION = YES;
				CLANG_WARN_COMMA = YES;
				CLANG_WARN_CONSTANT_CONVERSION = YES;
				CLANG_WARN_DEPRECATED_OBJC_IMPLEMENTATIONS = YES;
				CLANG_WARN_DIRECT_OBJC_ISA_USAGE = YES_ERROR;
				CLANG_WARN_DOCUMENTATION_COMMENTS = YES;
				CLANG_WARN_EMPTY_BODY = YES;
				CLANG_WARN_ENUM_CONVERSION = YES;
				CLANG_WARN_INFINITE_RECURSION = YES;
				CLANG_WARN_INT_CONVERSION = YES;
				CLANG_WARN_NON_LITERAL_NULL_CONVERSION = YES;
				CLANG_WARN_OBJC_IMPLICIT_RETAIN_SELF = YES;
				CLANG_WARN_OBJC_LITERAL_CONVERSION = YES;
				CLANG_WARN_OBJC_ROOT_CLASS = YES_ERROR;
				CLANG_WARN_RANGE_LOOP_ANALYSIS = YES;
				CLANG_WARN_STRICT_PROTOTYPES = YES;
				CLANG_WARN_SUSPICIOUS_MOVE = YES;
				CLANG_WARN_UNGUARDED_AVAILABILITY = YES_AGGRESSIVE;
				CLANG_WARN_UNREACHABLE_CODE = YES;
				CLANG_WARN__DUPLICATE_METHOD_MATCH = YES;
				CODE_SIGN_IDENTITY = "iPhone Developer";
				COPY_PHASE_STRIP = NO;
				DEBUG_INFORMATION_FORMAT = "dwarf-with-dsym";
				ENABLE_NS_ASSERTIONS = NO;
				ENABLE_STRICT_OBJC_MSGSEND = YES;
				GCC_C_LANGUAGE_STANDARD = gnu11;
				GCC_NO_COMMON_BLOCKS = YES;
				GCC_WARN_64_TO_32_BIT_CONVERSION = YES;
				GCC_WARN_ABOUT_RETURN_TYPE = YES_ERROR;
				GCC_WARN_UNDECLARED_SELECTOR = YES;
				GCC_WARN_UNINITIALIZED_AUTOS = YES_AGGRESSIVE;
				GCC_WARN_UNUSED_FUNCTION = YES;
				GCC_WARN_UNUSED_VARIABLE = YES;
				IPHONEOS_DEPLOYMENT_TARGET = 12.2;
				MTL_ENABLE_DEBUG_INFO = NO;
				MTL_FAST_MATH = YES;
				SDKROOT = iphoneos;
				SWIFT_COMPILATION_MODE = wholemodule;
				SWIFT_OPTIMIZATION_LEVEL = "-O";
				VALIDATE_PRODUCT = YES;
			};
			name = Release;
		};
		C10224DD2331A14E006CCB6D /* Debug */ = {
			isa = XCBuildConfiguration;
			buildSettings = {
				ASSETCATALOG_COMPILER_APPICON_NAME = AppIcon;
				CODE_SIGN_STYLE = Automatic;
				INFOPLIST_FILE = tumblrApp/Info.plist;
				LD_RUNPATH_SEARCH_PATHS = (
					"$(inherited)",
					"@executable_path/Frameworks",
				);
				PRODUCT_BUNDLE_IDENTIFIER = csumb.tumblrApp;
				PRODUCT_NAME = "$(TARGET_NAME)";
				SWIFT_VERSION = 5.0;
				TARGETED_DEVICE_FAMILY = "1,2";
			};
			name = Debug;
		};
		C10224DE2331A14E006CCB6D /* Release */ = {
			isa = XCBuildConfiguration;
			buildSettings = {
				ASSETCATALOG_COMPILER_APPICON_NAME = AppIcon;
				CODE_SIGN_STYLE = Automatic;
				INFOPLIST_FILE = tumblrApp/Info.plist;
				LD_RUNPATH_SEARCH_PATHS = (
					"$(inherited)",
					"@executable_path/Frameworks",
				);
				PRODUCT_BUNDLE_IDENTIFIER = csumb.tumblrApp;
				PRODUCT_NAME = "$(TARGET_NAME)";
				SWIFT_VERSION = 5.0;
				TARGETED_DEVICE_FAMILY = "1,2";
			};
			name = Release;
		};
		C10224E02331A14E006CCB6D /* Debug */ = {
			isa = XCBuildConfiguration;
			buildSettings = {
				ALWAYS_EMBED_SWIFT_STANDARD_LIBRARIES = YES;
				BUNDLE_LOADER = "$(TEST_HOST)";
				CODE_SIGN_STYLE = Automatic;
				INFOPLIST_FILE = tumblrAppTests/Info.plist;
				LD_RUNPATH_SEARCH_PATHS = (
					"$(inherited)",
					"@executable_path/Frameworks",
					"@loader_path/Frameworks",
				);
				PRODUCT_BUNDLE_IDENTIFIER = csumb.tumblrAppTests;
				PRODUCT_NAME = "$(TARGET_NAME)";
				SWIFT_VERSION = 5.0;
				TARGETED_DEVICE_FAMILY = "1,2";
				TEST_HOST = "$(BUILT_PRODUCTS_DIR)/tumblrApp.app/tumblrApp";
			};
			name = Debug;
		};
		C10224E12331A14E006CCB6D /* Release */ = {
			isa = XCBuildConfiguration;
			buildSettings = {
				ALWAYS_EMBED_SWIFT_STANDARD_LIBRARIES = YES;
				BUNDLE_LOADER = "$(TEST_HOST)";
				CODE_SIGN_STYLE = Automatic;
				INFOPLIST_FILE = tumblrAppTests/Info.plist;
				LD_RUNPATH_SEARCH_PATHS = (
					"$(inherited)",
					"@executable_path/Frameworks",
					"@loader_path/Frameworks",
				);
				PRODUCT_BUNDLE_IDENTIFIER = csumb.tumblrAppTests;
				PRODUCT_NAME = "$(TARGET_NAME)";
				SWIFT_VERSION = 5.0;
				TARGETED_DEVICE_FAMILY = "1,2";
				TEST_HOST = "$(BUILT_PRODUCTS_DIR)/tumblrApp.app/tumblrApp";
			};
			name = Release;
		};
		C10224E32331A14E006CCB6D /* Debug */ = {
			isa = XCBuildConfiguration;
			buildSettings = {
				ALWAYS_EMBED_SWIFT_STANDARD_LIBRARIES = YES;
				CODE_SIGN_STYLE = Automatic;
				INFOPLIST_FILE = tumblrAppUITests/Info.plist;
				LD_RUNPATH_SEARCH_PATHS = (
					"$(inherited)",
					"@executable_path/Frameworks",
					"@loader_path/Frameworks",
				);
				PRODUCT_BUNDLE_IDENTIFIER = csumb.tumblrAppUITests;
				PRODUCT_NAME = "$(TARGET_NAME)";
				SWIFT_VERSION = 5.0;
				TARGETED_DEVICE_FAMILY = "1,2";
				TEST_TARGET_NAME = tumblrApp;
			};
			name = Debug;
		};
		C10224E42331A14E006CCB6D /* Release */ = {
			isa = XCBuildConfiguration;
			buildSettings = {
				ALWAYS_EMBED_SWIFT_STANDARD_LIBRARIES = YES;
				CODE_SIGN_STYLE = Automatic;
				INFOPLIST_FILE = tumblrAppUITests/Info.plist;
				LD_RUNPATH_SEARCH_PATHS = (
					"$(inherited)",
					"@executable_path/Frameworks",
					"@loader_path/Frameworks",
				);
				PRODUCT_BUNDLE_IDENTIFIER = csumb.tumblrAppUITests;
				PRODUCT_NAME = "$(TARGET_NAME)";
				SWIFT_VERSION = 5.0;
				TARGETED_DEVICE_FAMILY = "1,2";
				TEST_TARGET_NAME = tumblrApp;
			};
			name = Release;
		};
/* End XCBuildConfiguration section */

/* Begin XCConfigurationList section */
		C10224AF2331A14A006CCB6D /* Build configuration list for PBXProject "tumblrApp" */ = {
			isa = XCConfigurationList;
			buildConfigurations = (
				C10224DA2331A14E006CCB6D /* Debug */,
				C10224DB2331A14E006CCB6D /* Release */,
			);
			defaultConfigurationIsVisible = 0;
			defaultConfigurationName = Release;
		};
		C10224DC2331A14E006CCB6D /* Build configuration list for PBXNativeTarget "tumblrApp" */ = {
			isa = XCConfigurationList;
			buildConfigurations = (
				C10224DD2331A14E006CCB6D /* Debug */,
				C10224DE2331A14E006CCB6D /* Release */,
			);
			defaultConfigurationIsVisible = 0;
			defaultConfigurationName = Release;
		};
		C10224DF2331A14E006CCB6D /* Build configuration list for PBXNativeTarget "tumblrAppTests" */ = {
			isa = XCConfigurationList;
			buildConfigurations = (
				C10224E02331A14E006CCB6D /* Debug */,
				C10224E12331A14E006CCB6D /* Release */,
			);
			defaultConfigurationIsVisible = 0;
			defaultConfigurationName = Release;
		};
		C10224E22331A14E006CCB6D /* Build configuration list for PBXNativeTarget "tumblrAppUITests" */ = {
			isa = XCConfigurationList;
			buildConfigurations = (
				C10224E32331A14E006CCB6D /* Debug */,
				C10224E42331A14E006CCB6D /* Release */,
			);
			defaultConfigurationIsVisible = 0;
			defaultConfigurationName = Release;
		};
/* End XCConfigurationList section */
	};
	rootObject = C10224AC2331A14A006CCB6D /* Project object */;
}
